{
  "object": {
    "pins": [
      {
        "package": "secp256k1",
        "repositoryURL": "https://github.com/GigaBitcoin/secp256k1.swift.git",
        "state": {
          "branch": null,
          "revision": "cdf449c7bc176287dc1877902ee98ed6ea46ab7f",
          "version": "0.3.0"
        }
      }
    ]
  },
  "version": 1
}
